
Microsoft Visual Studio Solution File, Format Version 12.00
# Visual Studio Version 17
VisualStudioVersion = 17.1.32421.90
MinimumVisualStudioVersion = 10.0.40219.1
Project("{FAE04EC0-301F-11D3-BF4B-00C04F79EFBC}") = "Eng1", "Eng1.csproj", "{D90D3773-7C2C-4CD9-B123-25B2EDCFE1E1}"
EndProject
Project("{FAE04EC0-301F-11D3-BF4B-00C04F79EFBC}") = "Client", "..\Client\Client.csproj", "{423A54FB-1D57-4E06-9D47-0E30C4585D85}"
EndProject
Global
	GlobalSection(SolutionConfigurationPlatforms) = preSolution
		Debug|Any CPU = Debug|Any CPU
		Release|Any CPU = Release|Any CPU
	EndGlobalSection
	GlobalSection(ProjectConfigurationPlatforms) = postSolution
		{D90D3773-7C2C-4CD9-B123-25B2EDCFE1E1}.Debug|Any CPU.ActiveCfg = Debug|Any CPU
		{D90D3773-7C2C-4CD9-B123-25B2EDCFE1E1}.Debug|Any CPU.Build.0 = Debug|Any CPU
		{D90D3773-7C2C-4CD9-B123-25B2EDCFE1E1}.Release|Any CPU.ActiveCfg = Release|Any CPU
		{D90D3773-7C2C-4CD9-B123-25B2EDCFE1E1}.Release|Any CPU.Build.0 = Release|Any CPU
		{423A54FB-1D57-4E06-9D47-0E30C4585D85}.Debug|Any CPU.ActiveCfg = Debug|Any CPU
		{423A54FB-1D57-4E06-9D47-0E30C4585D85}.Debug|Any CPU.Build.0 = Debug|Any CPU
		{423A54FB-1D57-4E06-9D47-0E30C4585D85}.Release|Any CPU.ActiveCfg = Release|Any CPU
		{423A54FB-1D57-4E06-9D47-0E30C4585D85}.Release|Any CPU.Build.0 = Release|Any CPU
	EndGlobalSection
	GlobalSection(SolutionProperties) = preSolution
		HideSolutionNode = FALSE
	EndGlobalSection
	GlobalSection(ExtensibilityGlobals) = postSolution
		SolutionGuid = {624F5A5F-65B0-46D7-AF73-654FEF0F721E}
	EndGlobalSection
EndGlobal
